
Microsoft Visual Studio Solution File, Format Version 12.00
# Visual Studio Version 17
VisualStudioVersion = 17.14.36811.4 d17.14
MinimumVisualStudioVersion = 10.0.40219.1
Project("{FAE04EC0-301F-11D3-BF4B-00C04F79EFBC}") = "BulkyWed", "BulkyWed.csproj", "{93B69F2A-5774-4047-AF76-F9856101C0EA}"
EndProject
Global
	GlobalSection(SolutionConfigurationPlatforms) = preSolution
		Debug|Any CPU = Debug|Any CPU
		Release|Any CPU = Release|Any CPU
	EndGlobalSection
	GlobalSection(ProjectConfigurationPlatforms) = postSolution
		{93B69F2A-5774-4047-AF76-F9856101C0EA}.Debug|Any CPU.ActiveCfg = Debug|Any CPU
		{93B69F2A-5774-4047-AF76-F9856101C0EA}.Debug|Any CPU.Build.0 = Debug|Any CPU
		{93B69F2A-5774-4047-AF76-F9856101C0EA}.Release|Any CPU.ActiveCfg = Release|Any CPU
		{93B69F2A-5774-4047-AF76-F9856101C0EA}.Release|Any CPU.Build.0 = Release|Any CPU
	EndGlobalSection
	GlobalSection(SolutionProperties) = preSolution
		HideSolutionNode = FALSE
	EndGlobalSection
	GlobalSection(ExtensibilityGlobals) = postSolution
		SolutionGuid = {6AF72B2A-C00A-4404-B85B-167DE0ED5538}
	EndGlobalSection
EndGlobal
